
Microsoft Visual Studio Solution File, Format Version 12.00
# Visual Studio 15
Project("{FAE04EC0-301F-11D3-BF4B-00C04F79EFBC}") = "XF4Demo.Android", "XF4Demo.Android\XF4Demo.Android.csproj", "{589219DE-CDD6-49C8-9C07-6692E53BA57F}"
EndProject
Project("{FAE04EC0-301F-11D3-BF4B-00C04F79EFBC}") = "XF4Demo.iOS", "XF4Demo.iOS\XF4Demo.iOS.csproj", "{6C3E4F3F-794A-465A-BACE-724CC754B784}"
EndProject
Project("{FAE04EC0-301F-11D3-BF4B-00C04F79EFBC}") = "XF4Demo", "XF4Demo\XF4Demo.csproj", "{2D549926-0710-4CA6-9B67-0063B5CB487F}"
EndProject
Global
	GlobalSection(SolutionConfigurationPlatforms) = preSolution
		Debug|Any CPU = Debug|Any CPU
		Release|Any CPU = Release|Any CPU
		Debug|iPhoneSimulator = Debug|iPhoneSimulator
		Release|iPhoneSimulator = Release|iPhoneSimulator
		Debug|iPhone = Debug|iPhone
		Release|iPhone = Release|iPhone
	EndGlobalSection
	GlobalSection(ProjectConfigurationPlatforms) = postSolution
		{589219DE-CDD6-49C8-9C07-6692E53BA57F}.Debug|Any CPU.ActiveCfg = Debug|Any CPU
		{589219DE-CDD6-49C8-9C07-6692E53BA57F}.Debug|Any CPU.Build.0 = Debug|Any CPU
		{589219DE-CDD6-49C8-9C07-6692E53BA57F}.Release|Any CPU.ActiveCfg = Release|Any CPU
		{589219DE-CDD6-49C8-9C07-6692E53BA57F}.Release|Any CPU.Build.0 = Release|Any CPU
		{589219DE-CDD6-49C8-9C07-6692E53BA57F}.Debug|iPhoneSimulator.ActiveCfg = Debug|Any CPU
		{589219DE-CDD6-49C8-9C07-6692E53BA57F}.Debug|iPhoneSimulator.Build.0 = Debug|Any CPU
		{589219DE-CDD6-49C8-9C07-6692E53BA57F}.Release|iPhoneSimulator.ActiveCfg = Release|Any CPU
		{589219DE-CDD6-49C8-9C07-6692E53BA57F}.Release|iPhoneSimulator.Build.0 = Release|Any CPU
		{589219DE-CDD6-49C8-9C07-6692E53BA57F}.Debug|iPhone.ActiveCfg = Debug|Any CPU
		{589219DE-CDD6-49C8-9C07-6692E53BA57F}.Debug|iPhone.Build.0 = Debug|Any CPU
		{589219DE-CDD6-49C8-9C07-6692E53BA57F}.Release|iPhone.ActiveCfg = Release|Any CPU
		{589219DE-CDD6-49C8-9C07-6692E53BA57F}.Release|iPhone.Build.0 = Release|Any CPU
		{6C3E4F3F-794A-465A-BACE-724CC754B784}.Debug|Any CPU.ActiveCfg = Debug|iPhoneSimulator
		{6C3E4F3F-794A-465A-BACE-724CC754B784}.Debug|Any CPU.Build.0 = Debug|iPhoneSimulator
		{6C3E4F3F-794A-465A-BACE-724CC754B784}.Release|Any CPU.ActiveCfg = Release|iPhoneSimulator
		{6C3E4F3F-794A-465A-BACE-724CC754B784}.Release|Any CPU.Build.0 = Release|iPhoneSimulator
		{6C3E4F3F-794A-465A-BACE-724CC754B784}.Debug|iPhoneSimulator.ActiveCfg = Debug|iPhoneSimulator
		{6C3E4F3F-794A-465A-BACE-724CC754B784}.Debug|iPhoneSimulator.Build.0 = Debug|iPhoneSimulator
		{6C3E4F3F-794A-465A-BACE-724CC754B784}.Release|iPhoneSimulator.ActiveCfg = Release|iPhoneSimulator
		{6C3E4F3F-794A-465A-BACE-724CC754B784}.Release|iPhoneSimulator.Build.0 = Release|iPhoneSimulator
		{6C3E4F3F-794A-465A-BACE-724CC754B784}.Debug|iPhone.ActiveCfg = Debug|iPhone
		{6C3E4F3F-794A-465A-BACE-724CC754B784}.Debug|iPhone.Build.0 = Debug|iPhone
		{6C3E4F3F-794A-465A-BACE-724CC754B784}.Release|iPhone.ActiveCfg = Release|iPhone
		{6C3E4F3F-794A-465A-BACE-724CC754B784}.Release|iPhone.Build.0 = Release|iPhone
		{2D549926-0710-4CA6-9B67-0063B5CB487F}.Debug|Any CPU.ActiveCfg = Debug|Any CPU
		{2D549926-0710-4CA6-9B67-0063B5CB487F}.Debug|Any CPU.Build.0 = Debug|Any CPU
		{2D549926-0710-4CA6-9B67-0063B5CB487F}.Release|Any CPU.ActiveCfg = Release|Any CPU
		{2D549926-0710-4CA6-9B67-0063B5CB487F}.Release|Any CPU.Build.0 = Release|Any CPU
		{2D549926-0710-4CA6-9B67-0063B5CB487F}.Debug|iPhoneSimulator.ActiveCfg = Debug|Any CPU
		{2D549926-0710-4CA6-9B67-0063B5CB487F}.Debug|iPhoneSimulator.Build.0 = Debug|Any CPU
		{2D549926-0710-4CA6-9B67-0063B5CB487F}.Release|iPhoneSimulator.ActiveCfg = Release|Any CPU
		{2D549926-0710-4CA6-9B67-0063B5CB487F}.Release|iPhoneSimulator.Build.0 = Release|Any CPU
		{2D549926-0710-4CA6-9B67-0063B5CB487F}.Debug|iPhone.ActiveCfg = Debug|Any CPU
		{2D549926-0710-4CA6-9B67-0063B5CB487F}.Debug|iPhone.Build.0 = Debug|Any CPU
		{2D549926-0710-4CA6-9B67-0063B5CB487F}.Release|iPhone.ActiveCfg = Release|Any CPU
		{2D549926-0710-4CA6-9B67-0063B5CB487F}.Release|iPhone.Build.0 = Release|Any CPU
	EndGlobalSection
EndGlobal
